# THIS IS AN AUTOGENERATED FILE. DO NOT EDIT THIS FILE DIRECTLY.
# yarn lockfile v1


geographiclib@^1.49.0:
  version "1.49.0"
  resolved "https://registry.yarnpkg.com/geographiclib/-/geographiclib-1.49.0.tgz#20af5d0044a0c2b4840b158ec25cf2f2ec5d0ff2"

leaflet-draw@0.3, leaflet-draw@^0.3.2:
  version "0.3.2"
  resolved "https://registry.yarnpkg.com/leaflet-draw/-/leaflet-draw-0.3.2.tgz#717ee8fed4c2a9679c12162e1f922d2da503d109"

"leaflet-reactive_measure@https://github.com/ekylibre/Leaflet.ReactiveMeasure":
  version "0.0.1"
  resolved "https://github.com/ekylibre/Leaflet.ReactiveMeasure#7b68e738001b0afcd8ad6448be95aa79055abb5b"
  dependencies:
    geographiclib "^1.49.0"
    leaflet "0.7.7"
    leaflet-draw "^0.3.2"

leaflet@0.7.7:
  version "0.7.7"
  resolved "https://registry.yarnpkg.com/leaflet/-/leaflet-0.7.7.tgz#1e352ba54e63d076451fa363c900890cb2cf75ee"
