# THIS IS AN AUTOGENERATED FILE. DO NOT EDIT THIS FILE DIRECTLY.
# yarn lockfile v1


geographiclib@^1.49.0:
  version "1.49.0"
  resolved "https://registry.yarnpkg.com/geographiclib/-/geographiclib-1.49.0.tgz#20af5d0044a0c2b4840b158ec25cf2f2ec5d0ff2"

jquery@^3.2.1:
  version "3.2.1"
  resolved "https://registry.yarnpkg.com/jquery/-/jquery-3.2.1.tgz#5c4d9de652af6cd0a770154a631bba12b015c787"

leaflet-draw@0.4.12, leaflet-draw@^0.4.12:
  version "0.4.12"
  resolved "https://registry.yarnpkg.com/leaflet-draw/-/leaflet-draw-0.4.12.tgz#04c9f3506e3b3a8a488ad389381331dc5b2affd8"

leaflet-draw@^0.3.2:
  version "0.3.2"
  resolved "https://registry.yarnpkg.com/leaflet-draw/-/leaflet-draw-0.3.2.tgz#717ee8fed4c2a9679c12162e1f922d2da503d109"

leaflet-geometryutil@*:
  version "0.8.0"
  resolved "https://registry.yarnpkg.com/leaflet-geometryutil/-/leaflet-geometryutil-0.8.0.tgz#c09c0fc37628f402846ad5723c80ef95b3d2057c"
  dependencies:
    leaflet ">=0.7.0"

leaflet-layerindex@^0.0.1:
  version "0.0.1"
  resolved "https://registry.yarnpkg.com/leaflet-layerindex/-/leaflet-layerindex-0.0.1.tgz#ceeada994134cfc597669e8a75dd167ef82cb258"
  dependencies:
    leaflet "*"
    rtree "*"

leaflet-providers@1.1.17:
  version "1.1.17"
  resolved "https://registry.yarnpkg.com/leaflet-providers/-/leaflet-providers-1.1.17.tgz#674628895dacae7f185ec0896039e95bbbadee46"

"leaflet-reactive_measure@https://github.com/ekylibre/Leaflet.ReactiveMeasure":
  version "0.1.2"
  resolved "https://github.com/ekylibre/Leaflet.ReactiveMeasure#8206d0cea42bf4da7c23fd277946894a8a4d9b67"
  dependencies:
    geographiclib "^1.49.0"
    leaflet "^1.2.0"
    leaflet-draw "^0.4.12"

leaflet-snap@../Leaflet.Snap:
  version "0.0.4"
  dependencies:
    leaflet "^0.7.7"
    leaflet-geometryutil "*"
  optionalDependencies:
    leaflet-draw "^0.3.2"

leaflet@*, leaflet@1.2.0, leaflet@>=0.7.0, leaflet@^1.2.0:
  version "1.2.0"
  resolved "https://registry.yarnpkg.com/leaflet/-/leaflet-1.2.0.tgz#fd5d93d9cb00091f5f8a69206d0d6744c1c82697"

leaflet@^0.7.7:
  version "0.7.7"
  resolved "https://registry.yarnpkg.com/leaflet/-/leaflet-0.7.7.tgz#1e352ba54e63d076451fa363c900890cb2cf75ee"

rtree@*:
  version "1.4.2"
  resolved "https://registry.yarnpkg.com/rtree/-/rtree-1.4.2.tgz#8b8c588c58a1f87fea5da2d497ae3b2c5e4bb32e"
